// !$*UTF8*$!
{
	archiveVersion = 1;
	classes = {
	};
	objectVersion = 56;
	objects = {

/* Begin PBXBuildFile section */
		23D656BDF98C1AA5E197B188 /* Pods_NewsBlogDemo.framework in Frameworks */ = {isa = PBXBuildFile; fileRef = 85B79442F330E4D337DB88EA /* Pods_NewsBlogDemo.framework */; };
		342CD1A4D175B46D24C43F64 /* Pods_NewsBlogDemoTests.framework in Frameworks */ = {isa = PBXBuildFile; fileRef = B46599ED3430756484BD5D17 /* Pods_NewsBlogDemoTests.framework */; };
		627984DCE8FB99EE0B854BFC /* Pods_NewsBlogDemo_NewsBlogDemoUITests.framework in Frameworks */ = {isa = PBXBuildFile; fileRef = DAEBAD132DE74FDC40079C5A /* Pods_NewsBlogDemo_NewsBlogDemoUITests.framework */; };
		BE620FE72B0D241500CE2521 /* PageViewController.swift in Sources */ = {isa = PBXBuildFile; fileRef = BE620FE52B0D241500CE2521 /* PageViewController.swift */; };
		BE620FE82B0D241500CE2521 /* PageContentViewController.swift in Sources */ = {isa = PBXBuildFile; fileRef = BE620FE62B0D241500CE2521 /* PageContentViewController.swift */; };
		BEAE757F2B0E0AEE00737C4F /* NewsSet.swift in Sources */ = {isa = PBXBuildFile; fileRef = BEAE757E2B0E0AEE00737C4F /* NewsSet.swift */; };
		BEAE76032B0E38B000737C4F /* PageContentViewModel.swift in Sources */ = {isa = PBXBuildFile; fileRef = BEAE76022B0E38B000737C4F /* PageContentViewModel.swift */; };
		BEC72DE82B0D1CA900D14E82 /* AppDelegate.swift in Sources */ = {isa = PBXBuildFile; fileRef = BEC72DE72B0D1CA900D14E82 /* AppDelegate.swift */; };
		BEC72DEA2B0D1CA900D14E82 /* SceneDelegate.swift in Sources */ = {isa = PBXBuildFile; fileRef = BEC72DE92B0D1CA900D14E82 /* SceneDelegate.swift */; };
		BEC72DEF2B0D1CA900D14E82 /* Main.storyboard in Resources */ = {isa = PBXBuildFile; fileRef = BEC72DED2B0D1CA900D14E82 /* Main.storyboard */; };
		BEC72DF12B0D1CAA00D14E82 /* Assets.xcassets in Resources */ = {isa = PBXBuildFile; fileRef = BEC72DF02B0D1CAA00D14E82 /* Assets.xcassets */; };
		BEC72DF42B0D1CAA00D14E82 /* LaunchScreen.storyboard in Resources */ = {isa = PBXBuildFile; fileRef = BEC72DF22B0D1CAA00D14E82 /* LaunchScreen.storyboard */; };
		BEC72DFF2B0D1CAB00D14E82 /* NewsBlogDemoTests.swift in Sources */ = {isa = PBXBuildFile; fileRef = BEC72DFE2B0D1CAB00D14E82 /* NewsBlogDemoTests.swift */; };
		BEC72E092B0D1CAB00D14E82 /* NewsBlogDemoUITests.swift in Sources */ = {isa = PBXBuildFile; fileRef = BEC72E082B0D1CAB00D14E82 /* NewsBlogDemoUITests.swift */; };
		BEC72E0B2B0D1CAB00D14E82 /* NewsBlogDemoUITestsLaunchTests.swift in Sources */ = {isa = PBXBuildFile; fileRef = BEC72E0A2B0D1CAB00D14E82 /* NewsBlogDemoUITestsLaunchTests.swift */; };
/* End PBXBuildFile section */

/* Begin PBXContainerItemProxy section */
		BEC72DFB2B0D1CAB00D14E82 /* PBXContainerItemProxy */ = {
			isa = PBXContainerItemProxy;
			containerPortal = BEC72DDC2B0D1CA900D14E82 /* Project object */;
			proxyType = 1;
			remoteGlobalIDString = BEC72DE32B0D1CA900D14E82;
			remoteInfo = NewsBlogDemo;
		};
		BEC72E052B0D1CAB00D14E82 /* PBXContainerItemProxy */ = {
			isa = PBXContainerItemProxy;
			containerPortal = BEC72DDC2B0D1CA900D14E82 /* Project object */;
			proxyType = 1;
			remoteGlobalIDString = BEC72DE32B0D1CA900D14E82;
			remoteInfo = NewsBlogDemo;
		};
/* End PBXContainerItemProxy section */

/* Begin PBXFileReference section */
		102B68E46A225824F0459710 /* Pods-NewsBlogDemo.release.xcconfig */ = {isa = PBXFileReference; includeInIndex = 1; lastKnownFileType = text.xcconfig; name = "Pods-NewsBlogDemo.release.xcconfig"; path = "Target Support Files/Pods-NewsBlogDemo/Pods-NewsBlogDemo.release.xcconfig"; sourceTree = "<group>"; };
		38A4DE1791B9F766792804C3 /* Pods-NewsBlogDemoTests.debug.xcconfig */ = {isa = PBXFileReference; includeInIndex = 1; lastKnownFileType = text.xcconfig; name = "Pods-NewsBlogDemoTests.debug.xcconfig"; path = "Target Support Files/Pods-NewsBlogDemoTests/Pods-NewsBlogDemoTests.debug.xcconfig"; sourceTree = "<group>"; };
		85B79442F330E4D337DB88EA /* Pods_NewsBlogDemo.framework */ = {isa = PBXFileReference; explicitFileType = wrapper.framework; includeInIndex = 0; path = Pods_NewsBlogDemo.framework; sourceTree = BUILT_PRODUCTS_DIR; };
		A8248506EA7A9C12965EB02B /* Pods-NewsBlogDemoTests.release.xcconfig */ = {isa = PBXFileReference; includeInIndex = 1; lastKnownFileType = text.xcconfig; name = "Pods-NewsBlogDemoTests.release.xcconfig"; path = "Target Support Files/Pods-NewsBlogDemoTests/Pods-NewsBlogDemoTests.release.xcconfig"; sourceTree = "<group>"; };
		AC60FCA4AA9CF7DB1A95637D /* Pods-NewsBlogDemo-NewsBlogDemoUITests.debug.xcconfig */ = {isa = PBXFileReference; includeInIndex = 1; lastKnownFileType = text.xcconfig; name = "Pods-NewsBlogDemo-NewsBlogDemoUITests.debug.xcconfig"; path = "Target Support Files/Pods-NewsBlogDemo-NewsBlogDemoUITests/Pods-NewsBlogDemo-NewsBlogDemoUITests.debug.xcconfig"; sourceTree = "<group>"; };
		B2A94F9BE559ECF02EDAFF09 /* Pods-NewsBlogDemo-NewsBlogDemoUITests.release.xcconfig */ = {isa = PBXFileReference; includeInIndex = 1; lastKnownFileType = text.xcconfig; name = "Pods-NewsBlogDemo-NewsBlogDemoUITests.release.xcconfig"; path = "Target Support Files/Pods-NewsBlogDemo-NewsBlogDemoUITests/Pods-NewsBlogDemo-NewsBlogDemoUITests.release.xcconfig"; sourceTree = "<group>"; };
		B46599ED3430756484BD5D17 /* Pods_NewsBlogDemoTests.framework */ = {isa = PBXFileReference; explicitFileType = wrapper.framework; includeInIndex = 0; path = Pods_NewsBlogDemoTests.framework; sourceTree = BUILT_PRODUCTS_DIR; };
		BE620FE52B0D241500CE2521 /* PageViewController.swift */ = {isa = PBXFileReference; fileEncoding = 4; lastKnownFileType = sourcecode.swift; path = PageViewController.swift; sourceTree = "<group>"; };
		BE620FE62B0D241500CE2521 /* PageContentViewController.swift */ = {isa = PBXFileReference; fileEncoding = 4; lastKnownFileType = sourcecode.swift; path = PageContentViewController.swift; sourceTree = "<group>"; };
		BEAE757E2B0E0AEE00737C4F /* NewsSet.swift */ = {isa = PBXFileReference; lastKnownFileType = sourcecode.swift; path = NewsSet.swift; sourceTree = "<group>"; };
		BEAE76022B0E38B000737C4F /* PageContentViewModel.swift */ = {isa = PBXFileReference; lastKnownFileType = sourcecode.swift; path = PageContentViewModel.swift; sourceTree = "<group>"; };
		BEC72DE42B0D1CA900D14E82 /* NewsBlogDemo.app */ = {isa = PBXFileReference; explicitFileType = wrapper.application; includeInIndex = 0; path = NewsBlogDemo.app; sourceTree = BUILT_PRODUCTS_DIR; };
		BEC72DE72B0D1CA900D14E82 /* AppDelegate.swift */ = {isa = PBXFileReference; lastKnownFileType = sourcecode.swift; path = AppDelegate.swift; sourceTree = "<group>"; };
		BEC72DE92B0D1CA900D14E82 /* SceneDelegate.swift */ = {isa = PBXFileReference; lastKnownFileType = sourcecode.swift; path = SceneDelegate.swift; sourceTree = "<group>"; };
		BEC72DEE2B0D1CA900D14E82 /* Base */ = {isa = PBXFileReference; lastKnownFileType = file.storyboard; name = Base; path = Base.lproj/Main.storyboard; sourceTree = "<group>"; };
		BEC72DF02B0D1CAA00D14E82 /* Assets.xcassets */ = {isa = PBXFileReference; lastKnownFileType = folder.assetcatalog; path = Assets.xcassets; sourceTree = "<group>"; };
		BEC72DF32B0D1CAA00D14E82 /* Base */ = {isa = PBXFileReference; lastKnownFileType = file.storyboard; name = Base; path = Base.lproj/LaunchScreen.storyboard; sourceTree = "<group>"; };
		BEC72DF52B0D1CAA00D14E82 /* Info.plist */ = {isa = PBXFileReference; lastKnownFileType = text.plist.xml; path = Info.plist; sourceTree = "<group>"; };
		BEC72DFA2B0D1CAB00D14E82 /* NewsBlogDemoTests.xctest */ = {isa = PBXFileReference; explicitFileType = wrapper.cfbundle; includeInIndex = 0; path = NewsBlogDemoTests.xctest; sourceTree = BUILT_PRODUCTS_DIR; };
		BEC72DFE2B0D1CAB00D14E82 /* NewsBlogDemoTests.swift */ = {isa = PBXFileReference; lastKnownFileType = sourcecode.swift; path = NewsBlogDemoTests.swift; sourceTree = "<group>"; };
		BEC72E042B0D1CAB00D14E82 /* NewsBlogDemoUITests.xctest */ = {isa = PBXFileReference; explicitFileType = wrapper.cfbundle; includeInIndex = 0; path = NewsBlogDemoUITests.xctest; sourceTree = BUILT_PRODUCTS_DIR; };
		BEC72E082B0D1CAB00D14E82 /* NewsBlogDemoUITests.swift */ = {isa = PBXFileReference; lastKnownFileType = sourcecode.swift; path = NewsBlogDemoUITests.swift; sourceTree = "<group>"; };
		BEC72E0A2B0D1CAB00D14E82 /* NewsBlogDemoUITestsLaunchTests.swift */ = {isa = PBXFileReference; lastKnownFileType = sourcecode.swift; path = NewsBlogDemoUITestsLaunchTests.swift; sourceTree = "<group>"; };
		DAEBAD132DE74FDC40079C5A /* Pods_NewsBlogDemo_NewsBlogDemoUITests.framework */ = {isa = PBXFileReference; explicitFileType = wrapper.framework; includeInIndex = 0; path = Pods_NewsBlogDemo_NewsBlogDemoUITests.framework; sourceTree = BUILT_PRODUCTS_DIR; };
		E5FBF0D9DC674E26685E1BF0 /* Pods-NewsBlogDemo.debug.xcconfig */ = {isa = PBXFileReference; includeInIndex = 1; lastKnownFileType = text.xcconfig; name = "Pods-NewsBlogDemo.debug.xcconfig"; path = "Target Support Files/Pods-NewsBlogDemo/Pods-NewsBlogDemo.debug.xcconfig"; sourceTree = "<group>"; };
/* End PBXFileReference section */

/* Begin PBXFrameworksBuildPhase section */
		BEC72DE12B0D1CA900D14E82 /* Frameworks */ = {
			isa = PBXFrameworksBuildPhase;
			buildActionMask = 2147483647;
			files = (
				23D656BDF98C1AA5E197B188 /* Pods_NewsBlogDemo.framework in Frameworks */,
			);
			runOnlyForDeploymentPostprocessing = 0;
		};
		BEC72DF72B0D1CAB00D14E82 /* Frameworks */ = {
			isa = PBXFrameworksBuildPhase;
			buildActionMask = 2147483647;
			files = (
				342CD1A4D175B46D24C43F64 /* Pods_NewsBlogDemoTests.framework in Frameworks */,
			);
			runOnlyForDeploymentPostprocessing = 0;
		};
		BEC72E012B0D1CAB00D14E82 /* Frameworks */ = {
			isa = PBXFrameworksBuildPhase;
			buildActionMask = 2147483647;
			files = (
				627984DCE8FB99EE0B854BFC /* Pods_NewsBlogDemo_NewsBlogDemoUITests.framework in Frameworks */,
			);
			runOnlyForDeploymentPostprocessing = 0;
		};
/* End PBXFrameworksBuildPhase section */

/* Begin PBXGroup section */
		A670C23B310D30E256D72259 /* Frameworks */ = {
			isa = PBXGroup;
			children = (
				85B79442F330E4D337DB88EA /* Pods_NewsBlogDemo.framework */,
				DAEBAD132DE74FDC40079C5A /* Pods_NewsBlogDemo_NewsBlogDemoUITests.framework */,
				B46599ED3430756484BD5D17 /* Pods_NewsBlogDemoTests.framework */,
			);
			name = Frameworks;
			sourceTree = "<group>";
		};
		BEAE75FA2B0E307A00737C4F /* ViewController */ = {
			isa = PBXGroup;
			children = (
				BE620FE62B0D241500CE2521 /* PageContentViewController.swift */,
				BE620FE52B0D241500CE2521 /* PageViewController.swift */,
			);
			path = ViewController;
			sourceTree = "<group>";
		};
		BEAE75FB2B0E309400737C4F /* Model */ = {
			isa = PBXGroup;
			children = (
				BEAE757E2B0E0AEE00737C4F /* NewsSet.swift */,
			);
			path = Model;
			sourceTree = "<group>";
		};
		BEAE76012B0E389C00737C4F /* ViewModel */ = {
			isa = PBXGroup;
			children = (
				BEAE76022B0E38B000737C4F /* PageContentViewModel.swift */,
			);
			path = ViewModel;
			sourceTree = "<group>";
		};
		BEC72DDB2B0D1CA900D14E82 = {
			isa = PBXGroup;
			children = (
				BEC72DE62B0D1CA900D14E82 /* NewsBlogDemo */,
				BEC72DFD2B0D1CAB00D14E82 /* NewsBlogDemoTests */,
				BEC72E072B0D1CAB00D14E82 /* NewsBlogDemoUITests */,
				BEC72DE52B0D1CA900D14E82 /* Products */,
				E9FFFB4B031FB85E8091DA76 /* Pods */,
				A670C23B310D30E256D72259 /* Frameworks */,
			);
			sourceTree = "<group>";
		};
		BEC72DE52B0D1CA900D14E82 /* Products */ = {
			isa = PBXGroup;
			children = (
				BEC72DE42B0D1CA900D14E82 /* NewsBlogDemo.app */,
				BEC72DFA2B0D1CAB00D14E82 /* NewsBlogDemoTests.xctest */,
				BEC72E042B0D1CAB00D14E82 /* NewsBlogDemoUITests.xctest */,
			);
			name = Products;
			sourceTree = "<group>";
		};
		BEC72DE62B0D1CA900D14E82 /* NewsBlogDemo */ = {
			isa = PBXGroup;
			children = (
				BEC72DE72B0D1CA900D14E82 /* AppDelegate.swift */,
				BEC72DE92B0D1CA900D14E82 /* SceneDelegate.swift */,
				BEAE75FB2B0E309400737C4F /* Model */,
				BEAE75FA2B0E307A00737C4F /* ViewController */,
				BEAE76012B0E389C00737C4F /* ViewModel */,
				BEC72DF02B0D1CAA00D14E82 /* Assets.xcassets */,
				BEC72DED2B0D1CA900D14E82 /* Main.storyboard */,
				BEC72DF22B0D1CAA00D14E82 /* LaunchScreen.storyboard */,
				BEC72DF52B0D1CAA00D14E82 /* Info.plist */,
			);
			path = NewsBlogDemo;
			sourceTree = "<group>";
		};
		BEC72DFD2B0D1CAB00D14E82 /* NewsBlogDemoTests */ = {
			isa = PBXGroup;
			children = (
				BEC72DFE2B0D1CAB00D14E82 /* NewsBlogDemoTests.swift */,
			);
			path = NewsBlogDemoTests;
			sourceTree = "<group>";
		};
		BEC72E072B0D1CAB00D14E82 /* NewsBlogDemoUITests */ = {
			isa = PBXGroup;
			children = (
				BEC72E082B0D1CAB00D14E82 /* NewsBlogDemoUITests.swift */,
				BEC72E0A2B0D1CAB00D14E82 /* NewsBlogDemoUITestsLaunchTests.swift */,
			);
			path = NewsBlogDemoUITests;
			sourceTree = "<group>";
		};
		E9FFFB4B031FB85E8091DA76 /* Pods */ = {
			isa = PBXGroup;
			children = (
				E5FBF0D9DC674E26685E1BF0 /* Pods-NewsBlogDemo.debug.xcconfig */,
				102B68E46A225824F0459710 /* Pods-NewsBlogDemo.release.xcconfig */,
				AC60FCA4AA9CF7DB1A95637D /* Pods-NewsBlogDemo-NewsBlogDemoUITests.debug.xcconfig */,
				B2A94F9BE559ECF02EDAFF09 /* Pods-NewsBlogDemo-NewsBlogDemoUITests.release.xcconfig */,
				38A4DE1791B9F766792804C3 /* Pods-NewsBlogDemoTests.debug.xcconfig */,
				A8248506EA7A9C12965EB02B /* Pods-NewsBlogDemoTests.release.xcconfig */,
			);
			path = Pods;
			sourceTree = "<group>";
		};
/* End PBXGroup section */

/* Begin PBXNativeTarget section */
		BEC72DE32B0D1CA900D14E82 /* NewsBlogDemo */ = {
			isa = PBXNativeTarget;
			buildConfigurationList = BEC72E0E2B0D1CAB00D14E82 /* Build configuration list for PBXNativeTarget "NewsBlogDemo" */;
			buildPhases = (
				CB44BC1369F2E8B2D6B0A451 /* [CP] Check Pods Manifest.lock */,
				BEC72DE02B0D1CA900D14E82 /* Sources */,
				BEC72DE12B0D1CA900D14E82 /* Frameworks */,
				BEC72DE22B0D1CA900D14E82 /* Resources */,
				FE444F2CF2322C544A4EF323 /* [CP] Embed Pods Frameworks */,
			);
			buildRules = (
			);
			dependencies = (
			);
			name = NewsBlogDemo;
			productName = NewsBlogDemo;
			productReference = BEC72DE42B0D1CA900D14E82 /* NewsBlogDemo.app */;
			productType = "com.apple.product-type.application";
		};
		BEC72DF92B0D1CAB00D14E82 /* NewsBlogDemoTests */ = {
			isa = PBXNativeTarget;
			buildConfigurationList = BEC72E112B0D1CAB00D14E82 /* Build configuration list for PBXNativeTarget "NewsBlogDemoTests" */;
			buildPhases = (
				0F804622F3E0682BBE647C37 /* [CP] Check Pods Manifest.lock */,
				BEC72DF62B0D1CAB00D14E82 /* Sources */,
				BEC72DF72B0D1CAB00D14E82 /* Frameworks */,
				BEC72DF82B0D1CAB00D14E82 /* Resources */,
			);
			buildRules = (
			);
			dependencies = (
				BEC72DFC2B0D1CAB00D14E82 /* PBXTargetDependency */,
			);
			name = NewsBlogDemoTests;
			productName = NewsBlogDemoTests;
			productReference = BEC72DFA2B0D1CAB00D14E82 /* NewsBlogDemoTests.xctest */;
			productType = "com.apple.product-type.bundle.unit-test";
		};
		BEC72E032B0D1CAB00D14E82 /* NewsBlogDemoUITests */ = {
			isa = PBXNativeTarget;
			buildConfigurationList = BEC72E142B0D1CAB00D14E82 /* Build configuration list for PBXNativeTarget "NewsBlogDemoUITests" */;
			buildPhases = (
				3B8670B59DE4EC66B59B6C93 /* [CP] Check Pods Manifest.lock */,
				BEC72E002B0D1CAB00D14E82 /* Sources */,
				BEC72E012B0D1CAB00D14E82 /* Frameworks */,
				BEC72E022B0D1CAB00D14E82 /* Resources */,
				FA77ABF48832F987EA5D7DB6 /* [CP] Embed Pods Frameworks */,
			);
			buildRules = (
			);
			dependencies = (
				BEC72E062B0D1CAB00D14E82 /* PBXTargetDependency */,
			);
			name = NewsBlogDemoUITests;
			productName = NewsBlogDemoUITests;
			productReference = BEC72E042B0D1CAB00D14E82 /* NewsBlogDemoUITests.xctest */;
			productType = "com.apple.product-type.bundle.ui-testing";
		};
/* End PBXNativeTarget section */

/* Begin PBXProject section */
		BEC72DDC2B0D1CA900D14E82 /* Project object */ = {
			isa = PBXProject;
			attributes = {
				BuildIndependentTargetsInParallel = 1;
				LastSwiftUpdateCheck = 1410;
				LastUpgradeCheck = 1410;
				TargetAttributes = {
					BEC72DE32B0D1CA900D14E82 = {
						CreatedOnToolsVersion = 14.1;
					};
					BEC72DF92B0D1CAB00D14E82 = {
						CreatedOnToolsVersion = 14.1;
						TestTargetID = BEC72DE32B0D1CA900D14E82;
					};
					BEC72E032B0D1CAB00D14E82 = {
						CreatedOnToolsVersion = 14.1;
						TestTargetID = BEC72DE32B0D1CA900D14E82;
					};
				};
			};
			buildConfigurationList = BEC72DDF2B0D1CA900D14E82 /* Build configuration list for PBXProject "NewsBlogDemo" */;
			compatibilityVersion = "Xcode 14.0";
			developmentRegion = en;
			hasScannedForEncodings = 0;
			knownRegions = (
				en,
				Base,
			);
			mainGroup = BEC72DDB2B0D1CA900D14E82;
			productRefGroup = BEC72DE52B0D1CA900D14E82 /* Products */;
			projectDirPath = "";
			projectRoot = "";
			targets = (
				BEC72DE32B0D1CA900D14E82 /* NewsBlogDemo */,
				BEC72DF92B0D1CAB00D14E82 /* NewsBlogDemoTests */,
				BEC72E032B0D1CAB00D14E82 /* NewsBlogDemoUITests */,
			);
		};
/* End PBXProject section */

/* Begin PBXResourcesBuildPhase section */
		BEC72DE22B0D1CA900D14E82 /* Resources */ = {
			isa = PBXResourcesBuildPhase;
			buildActionMask = 2147483647;
			files = (
				BEC72DF42B0D1CAA00D14E82 /* LaunchScreen.storyboard in Resources */,
				BEC72DF12B0D1CAA00D14E82 /* Assets.xcassets in Resources */,
				BEC72DEF2B0D1CA900D14E82 /* Main.storyboard in Resources */,
			);
			runOnlyForDeploymentPostprocessing = 0;
		};
		BEC72DF82B0D1CAB00D14E82 /* Resources */ = {
			isa = PBXResourcesBuildPhase;
			buildActionMask = 2147483647;
			files = (
			);
			runOnlyForDeploymentPostprocessing = 0;
		};
		BEC72E022B0D1CAB00D14E82 /* Resources */ = {
			isa = PBXResourcesBuildPhase;
			buildActionMask = 2147483647;
			files = (
			);
			runOnlyForDeploymentPostprocessing = 0;
		};
/* End PBXResourcesBuildPhase section */

/* Begin PBXShellScriptBuildPhase section */
		0F804622F3E0682BBE647C37 /* [CP] Check Pods Manifest.lock */ = {
			isa = PBXShellScriptBuildPhase;
			buildActionMask = 2147483647;
			files = (
			);
			inputFileListPaths = (
			);
			inputPaths = (
				"${PODS_PODFILE_DIR_PATH}/Podfile.lock",
				"${PODS_ROOT}/Manifest.lock",
			);
			name = "[CP] Check Pods Manifest.lock";
			outputFileListPaths = (
			);
			outputPaths = (
				"$(DERIVED_FILE_DIR)/Pods-NewsBlogDemoTests-checkManifestLockResult.txt",
			);
			runOnlyForDeploymentPostprocessing = 0;
			shellPath = /bin/sh;
			shellScript = "diff \"${PODS_PODFILE_DIR_PATH}/Podfile.lock\" \"${PODS_ROOT}/Manifest.lock\" > /dev/null\nif [ $? != 0 ] ; then\n    # print error to STDERR\n    echo \"error: The sandbox is not in sync with the Podfile.lock. Run 'pod install' or update your CocoaPods installation.\" >&2\n    exit 1\nfi\n# This output is used by Xcode 'outputs' to avoid re-running this script phase.\necho \"SUCCESS\" > \"${SCRIPT_OUTPUT_FILE_0}\"\n";
			showEnvVarsInLog = 0;
		};
		3B8670B59DE4EC66B59B6C93 /* [CP] Check Pods Manifest.lock */ = {
			isa = PBXShellScriptBuildPhase;
			buildActionMask = 2147483647;
			files = (
			);
			inputFileListPaths = (
			);
			inputPaths = (
				"${PODS_PODFILE_DIR_PATH}/Podfile.lock",
				"${PODS_ROOT}/Manifest.lock",
			);
			name = "[CP] Check Pods Manifest.lock";
			outputFileListPaths = (
			);
			outputPaths = (
				"$(DERIVED_FILE_DIR)/Pods-NewsBlogDemo-NewsBlogDemoUITests-checkManifestLockResult.txt",
			);
			runOnlyForDeploymentPostprocessing = 0;
			shellPath = /bin/sh;
			shellScript = "diff \"${PODS_PODFILE_DIR_PATH}/Podfile.lock\" \"${PODS_ROOT}/Manifest.lock\" > /dev/null\nif [ $? != 0 ] ; then\n    # print error to STDERR\n    echo \"error: The sandbox is not in sync with the Podfile.lock. Run 'pod install' or update your CocoaPods installation.\" >&2\n    exit 1\nfi\n# This output is used by Xcode 'outputs' to avoid re-running this script phase.\necho \"SUCCESS\" > \"${SCRIPT_OUTPUT_FILE_0}\"\n";
			showEnvVarsInLog = 0;
		};
		CB44BC1369F2E8B2D6B0A451 /* [CP] Check Pods Manifest.lock */ = {
			isa = PBXShellScriptBuildPhase;
			buildActionMask = 2147483647;
			files = (
			);
			inputFileListPaths = (
			);
			inputPaths = (
				"${PODS_PODFILE_DIR_PATH}/Podfile.lock",
				"${PODS_ROOT}/Manifest.lock",
			);
			name = "[CP] Check Pods Manifest.lock";
			outputFileListPaths = (
			);
			outputPaths = (
				"$(DERIVED_FILE_DIR)/Pods-NewsBlogDemo-checkManifestLockResult.txt",
			);
			runOnlyForDeploymentPostprocessing = 0;
			shellPath = /bin/sh;
			shellScript = "diff \"${PODS_PODFILE_DIR_PATH}/Podfile.lock\" \"${PODS_ROOT}/Manifest.lock\" > /dev/null\nif [ $? != 0 ] ; then\n    # print error to STDERR\n    echo \"error: The sandbox is not in sync with the Podfile.lock. Run 'pod install' or update your CocoaPods installation.\" >&2\n    exit 1\nfi\n# This output is used by Xcode 'outputs' to avoid re-running this script phase.\necho \"SUCCESS\" > \"${SCRIPT_OUTPUT_FILE_0}\"\n";
			showEnvVarsInLog = 0;
		};
		FA77ABF48832F987EA5D7DB6 /* [CP] Embed Pods Frameworks */ = {
			isa = PBXShellScriptBuildPhase;
			buildActionMask = 2147483647;
			files = (
			);
			inputFileListPaths = (
				"${PODS_ROOT}/Target Support Files/Pods-NewsBlogDemo-NewsBlogDemoUITests/Pods-NewsBlogDemo-NewsBlogDemoUITests-frameworks-${CONFIGURATION}-input-files.xcfilelist",
			);
			name = "[CP] Embed Pods Frameworks";
			outputFileListPaths = (
				"${PODS_ROOT}/Target Support Files/Pods-NewsBlogDemo-NewsBlogDemoUITests/Pods-NewsBlogDemo-NewsBlogDemoUITests-frameworks-${CONFIGURATION}-output-files.xcfilelist",
			);
			runOnlyForDeploymentPostprocessing = 0;
			shellPath = /bin/sh;
			shellScript = "\"${PODS_ROOT}/Target Support Files/Pods-NewsBlogDemo-NewsBlogDemoUITests/Pods-NewsBlogDemo-NewsBlogDemoUITests-frameworks.sh\"\n";
			showEnvVarsInLog = 0;
		};
		FE444F2CF2322C544A4EF323 /* [CP] Embed Pods Frameworks */ = {
			isa = PBXShellScriptBuildPhase;
			buildActionMask = 2147483647;
			files = (
			);
			inputFileListPaths = (
				"${PODS_ROOT}/Target Support Files/Pods-NewsBlogDemo/Pods-NewsBlogDemo-frameworks-${CONFIGURATION}-input-files.xcfilelist",
			);
			name = "[CP] Embed Pods Frameworks";
			outputFileListPaths = (
				"${PODS_ROOT}/Target Support Files/Pods-NewsBlogDemo/Pods-NewsBlogDemo-frameworks-${CONFIGURATION}-output-files.xcfilelist",
			);
			runOnlyForDeploymentPostprocessing = 0;
			shellPath = /bin/sh;
			shellScript = "\"${PODS_ROOT}/Target Support Files/Pods-NewsBlogDemo/Pods-NewsBlogDemo-frameworks.sh\"\n";
			showEnvVarsInLog = 0;
		};
/* End PBXShellScriptBuildPhase section */

/* Begin PBXSourcesBuildPhase section */
		BEC72DE02B0D1CA900D14E82 /* Sources */ = {
			isa = PBXSourcesBuildPhase;
			buildActionMask = 2147483647;
			files = (
				BEAE757F2B0E0AEE00737C4F /* NewsSet.swift in Sources */,
				BE620FE72B0D241500CE2521 /* PageViewController.swift in Sources */,
				BE620FE82B0D241500CE2521 /* PageContentViewController.swift in Sources */,
				BEC72DE82B0D1CA900D14E82 /* AppDelegate.swift in Sources */,
				BEAE76032B0E38B000737C4F /* PageContentViewModel.swift in Sources */,
				BEC72DEA2B0D1CA900D14E82 /* SceneDelegate.swift in Sources */,
			);
			runOnlyForDeploymentPostprocessing = 0;
		};
		BEC72DF62B0D1CAB00D14E82 /* Sources */ = {
			isa = PBXSourcesBuildPhase;
			buildActionMask = 2147483647;
			files = (
				BEC72DFF2B0D1CAB00D14E82 /* NewsBlogDemoTests.swift in Sources */,
			);
			runOnlyForDeploymentPostprocessing = 0;
		};
		BEC72E002B0D1CAB00D14E82 /* Sources */ = {
			isa = PBXSourcesBuildPhase;
			buildActionMask = 2147483647;
			files = (
				BEC72E0B2B0D1CAB00D14E82 /* NewsBlogDemoUITestsLaunchTests.swift in Sources */,
				BEC72E092B0D1CAB00D14E82 /* NewsBlogDemoUITests.swift in Sources */,
			);
			runOnlyForDeploymentPostprocessing = 0;
		};
/* End PBXSourcesBuildPhase section */

/* Begin PBXTargetDependency section */
		BEC72DFC2B0D1CAB00D14E82 /* PBXTargetDependency */ = {
			isa = PBXTargetDependency;
			target = BEC72DE32B0D1CA900D14E82 /* NewsBlogDemo */;
			targetProxy = BEC72DFB2B0D1CAB00D14E82 /* PBXContainerItemProxy */;
		};
		BEC72E062B0D1CAB00D14E82 /* PBXTargetDependency */ = {
			isa = PBXTargetDependency;
			target = BEC72DE32B0D1CA900D14E82 /* NewsBlogDemo */;
			targetProxy = BEC72E052B0D1CAB00D14E82 /* PBXContainerItemProxy */;
		};
/* End PBXTargetDependency section */

/* Begin PBXVariantGroup section */
		BEC72DED2B0D1CA900D14E82 /* Main.storyboard */ = {
			isa = PBXVariantGroup;
			children = (
				BEC72DEE2B0D1CA900D14E82 /* Base */,
			);
			name = Main.storyboard;
			sourceTree = "<group>";
		};
		BEC72DF22B0D1CAA00D14E82 /* LaunchScreen.storyboard */ = {
			isa = PBXVariantGroup;
			children = (
				BEC72DF32B0D1CAA00D14E82 /* Base */,
			);
			name = LaunchScreen.storyboard;
			sourceTree = "<group>";
		};
/* End PBXVariantGroup section */

/* Begin XCBuildConfiguration section */
		BEC72E0C2B0D1CAB00D14E82 /* Debug */ = {
			isa = XCBuildConfiguration;
			buildSettings = {
				ALWAYS_SEARCH_USER_PATHS = NO;
				CLANG_ANALYZER_NONNULL = YES;
				CLANG_ANALYZER_NUMBER_OBJECT_CONVERSION = YES_AGGRESSIVE;
				CLANG_CXX_LANGUAGE_STANDARD = "gnu++20";
				CLANG_ENABLE_MODULES = YES;
				CLANG_ENABLE_OBJC_ARC = YES;
				CLANG_ENABLE_OBJC_WEAK = YES;
				CLANG_WARN_BLOCK_CAPTURE_AUTORELEASING = YES;
				CLANG_WARN_BOOL_CONVERSION = YES;
				CLANG_WARN_COMMA = YES;
				CLANG_WARN_CONSTANT_CONVERSION = YES;
				CLANG_WARN_DEPRECATED_OBJC_IMPLEMENTATIONS = YES;
				CLANG_WARN_DIRECT_OBJC_ISA_USAGE = YES_ERROR;
				CLANG_WARN_DOCUMENTATION_COMMENTS = YES;
				CLANG_WARN_EMPTY_BODY = YES;
				CLANG_WARN_ENUM_CONVERSION = YES;
				CLANG_WARN_INFINITE_RECURSION = YES;
				CLANG_WARN_INT_CONVERSION = YES;
				CLANG_WARN_NON_LITERAL_NULL_CONVERSION = YES;
				CLANG_WARN_OBJC_IMPLICIT_RETAIN_SELF = YES;
				CLANG_WARN_OBJC_LITERAL_CONVERSION = YES;
				CLANG_WARN_OBJC_ROOT_CLASS = YES_ERROR;
				CLANG_WARN_QUOTED_INCLUDE_IN_FRAMEWORK_HEADER = YES;
				CLANG_WARN_RANGE_LOOP_ANALYSIS = YES;
				CLANG_WARN_STRICT_PROTOTYPES = YES;
				CLANG_WARN_SUSPICIOUS_MOVE = YES;
				CLANG_WARN_UNGUARDED_AVAILABILITY = YES_AGGRESSIVE;
				CLANG_WARN_UNREACHABLE_CODE = YES;
				CLANG_WARN__DUPLICATE_METHOD_MATCH = YES;
				COPY_PHASE_STRIP = NO;
				DEBUG_INFORMATION_FORMAT = dwarf;
				ENABLE_STRICT_OBJC_MSGSEND = YES;
				ENABLE_TESTABILITY = YES;
				GCC_C_LANGUAGE_STANDARD = gnu11;
				GCC_DYNAMIC_NO_PIC = NO;
				GCC_NO_COMMON_BLOCKS = YES;
				GCC_OPTIMIZATION_LEVEL = 0;
				GCC_PREPROCESSOR_DEFINITIONS = (
					"DEBUG=1",
					"$(inherited)",
				);
				GCC_WARN_64_TO_32_BIT_CONVERSION = YES;
				GCC_WARN_ABOUT_RETURN_TYPE = YES_ERROR;
				GCC_WARN_UNDECLARED_SELECTOR = YES;
				GCC_WARN_UNINITIALIZED_AUTOS = YES_AGGRESSIVE;
				GCC_WARN_UNUSED_FUNCTION = YES;
				GCC_WARN_UNUSED_VARIABLE = YES;
				IPHONEOS_DEPLOYMENT_TARGET = 16.1;
				MTL_ENABLE_DEBUG_INFO = INCLUDE_SOURCE;
				MTL_FAST_MATH = YES;
				ONLY_ACTIVE_ARCH = YES;
				SDKROOT = iphoneos;
				SWIFT_ACTIVE_COMPILATION_CONDITIONS = DEBUG;
				SWIFT_OPTIMIZATION_LEVEL = "-Onone";
			};
			name = Debug;
		};
		BEC72E0D2B0D1CAB00D14E82 /* Release */ = {
			isa = XCBuildConfiguration;
			buildSettings = {
				ALWAYS_SEARCH_USER_PATHS = NO;
				CLANG_ANALYZER_NONNULL = YES;
				CLANG_ANALYZER_NUMBER_OBJECT_CONVERSION = YES_AGGRESSIVE;
				CLANG_CXX_LANGUAGE_STANDARD = "gnu++20";
				CLANG_ENABLE_MODULES = YES;
				CLANG_ENABLE_OBJC_ARC = YES;
				CLANG_ENABLE_OBJC_WEAK = YES;
				CLANG_WARN_BLOCK_CAPTURE_AUTORELEASING = YES;
				CLANG_WARN_BOOL_CONVERSION = YES;
				CLANG_WARN_COMMA = YES;
				CLANG_WARN_CONSTANT_CONVERSION = YES;
				CLANG_WARN_DEPRECATED_OBJC_IMPLEMENTATIONS = YES;
				CLANG_WARN_DIRECT_OBJC_ISA_USAGE = YES_ERROR;
				CLANG_WARN_DOCUMENTATION_COMMENTS = YES;
				CLANG_WARN_EMPTY_BODY = YES;
				CLANG_WARN_ENUM_CONVERSION = YES;
				CLANG_WARN_INFINITE_RECURSION = YES;
				CLANG_WARN_INT_CONVERSION = YES;
				CLANG_WARN_NON_LITERAL_NULL_CONVERSION = YES;
				CLANG_WARN_OBJC_IMPLICIT_RETAIN_SELF = YES;
				CLANG_WARN_OBJC_LITERAL_CONVERSION = YES;
				CLANG_WARN_OBJC_ROOT_CLASS = YES_ERROR;
				CLANG_WARN_QUOTED_INCLUDE_IN_FRAMEWORK_HEADER = YES;
				CLANG_WARN_RANGE_LOOP_ANALYSIS = YES;
				CLANG_WARN_STRICT_PROTOTYPES = YES;
				CLANG_WARN_SUSPICIOUS_MOVE = YES;
				CLANG_WARN_UNGUARDED_AVAILABILITY = YES_AGGRESSIVE;
				CLANG_WARN_UNREACHABLE_CODE = YES;
				CLANG_WARN__DUPLICATE_METHOD_MATCH = YES;
				COPY_PHASE_STRIP = NO;
				DEBUG_INFORMATION_FORMAT = "dwarf-with-dsym";
				ENABLE_NS_ASSERTIONS = NO;
				ENABLE_STRICT_OBJC_MSGSEND = YES;
				GCC_C_LANGUAGE_STANDARD = gnu11;
				GCC_NO_COMMON_BLOCKS = YES;
				GCC_WARN_64_TO_32_BIT_CONVERSION = YES;
				GCC_WARN_ABOUT_RETURN_TYPE = YES_ERROR;
				GCC_WARN_UNDECLARED_SELECTOR = YES;
				GCC_WARN_UNINITIALIZED_AUTOS = YES_AGGRESSIVE;
				GCC_WARN_UNUSED_FUNCTION = YES;
				GCC_WARN_UNUSED_VARIABLE = YES;
				IPHONEOS_DEPLOYMENT_TARGET = 16.1;
				MTL_ENABLE_DEBUG_INFO = NO;
				MTL_FAST_MATH = YES;
				SDKROOT = iphoneos;
				SWIFT_COMPILATION_MODE = wholemodule;
				SWIFT_OPTIMIZATION_LEVEL = "-O";
				VALIDATE_PRODUCT = YES;
			};
			name = Release;
		};
		BEC72E0F2B0D1CAB00D14E82 /* Debug */ = {
			isa = XCBuildConfiguration;
			baseConfigurationReference = E5FBF0D9DC674E26685E1BF0 /* Pods-NewsBlogDemo.debug.xcconfig */;
			buildSettings = {
				ASSETCATALOG_COMPILER_APPICON_NAME = AppIcon;
				ASSETCATALOG_COMPILER_GLOBAL_ACCENT_COLOR_NAME = AccentColor;
				CODE_SIGN_STYLE = Automatic;
				CURRENT_PROJECT_VERSION = 1;
				GENERATE_INFOPLIST_FILE = YES;
				INFOPLIST_FILE = NewsBlogDemo/Info.plist;
				INFOPLIST_KEY_UIApplicationSupportsIndirectInputEvents = YES;
				INFOPLIST_KEY_UILaunchStoryboardName = LaunchScreen;
				INFOPLIST_KEY_UIMainStoryboardFile = Main;
				INFOPLIST_KEY_UISupportedInterfaceOrientations_iPad = "UIInterfaceOrientationPortrait UIInterfaceOrientationPortraitUpsideDown UIInterfaceOrientationLandscapeLeft UIInterfaceOrientationLandscapeRight";
				INFOPLIST_KEY_UISupportedInterfaceOrientations_iPhone = "UIInterfaceOrientationPortrait UIInterfaceOrientationLandscapeLeft UIInterfaceOrientationLandscapeRight";
				LD_RUNPATH_SEARCH_PATHS = (
					"$(inherited)",
					"@executable_path/Frameworks",
				);
				MARKETING_VERSION = 1.0;
				PRODUCT_BUNDLE_IDENTIFIER = com.Blog.NewsBlogDemo;
				PRODUCT_NAME = "$(TARGET_NAME)";
				SWIFT_EMIT_LOC_STRINGS = YES;
				SWIFT_VERSION = 5.0;
				TARGETED_DEVICE_FAMILY = "1,2";
			};
			name = Debug;
		};
		BEC72E102B0D1CAB00D14E82 /* Release */ = {
			isa = XCBuildConfiguration;
			baseConfigurationReference = 102B68E46A225824F0459710 /* Pods-NewsBlogDemo.release.xcconfig */;
			buildSettings = {
				ASSETCATALOG_COMPILER_APPICON_NAME = AppIcon;
				ASSETCATALOG_COMPILER_GLOBAL_ACCENT_COLOR_NAME = AccentColor;
				CODE_SIGN_STYLE = Automatic;
				CURRENT_PROJECT_VERSION = 1;
				GENERATE_INFOPLIST_FILE = YES;
				INFOPLIST_FILE = NewsBlogDemo/Info.plist;
				INFOPLIST_KEY_UIApplicationSupportsIndirectInputEvents = YES;
				INFOPLIST_KEY_UILaunchStoryboardName = LaunchScreen;
				INFOPLIST_KEY_UIMainStoryboardFile = Main;
				INFOPLIST_KEY_UISupportedInterfaceOrientations_iPad = "UIInterfaceOrientationPortrait UIInterfaceOrientationPortraitUpsideDown UIInterfaceOrientationLandscapeLeft UIInterfaceOrientationLandscapeRight";
				INFOPLIST_KEY_UISupportedInterfaceOrientations_iPhone = "UIInterfaceOrientationPortrait UIInterfaceOrientationLandscapeLeft UIInterfaceOrientationLandscapeRight";
				LD_RUNPATH_SEARCH_PATHS = (
					"$(inherited)",
					"@executable_path/Frameworks",
				);
				MARKETING_VERSION = 1.0;
				PRODUCT_BUNDLE_IDENTIFIER = com.Blog.NewsBlogDemo;
				PRODUCT_NAME = "$(TARGET_NAME)";
				SWIFT_EMIT_LOC_STRINGS = YES;
				SWIFT_VERSION = 5.0;
				TARGETED_DEVICE_FAMILY = "1,2";
			};
			name = Release;
		};
		BEC72E122B0D1CAB00D14E82 /* Debug */ = {
			isa = XCBuildConfiguration;
			baseConfigurationReference = 38A4DE1791B9F766792804C3 /* Pods-NewsBlogDemoTests.debug.xcconfig */;
			buildSettings = {
				ALWAYS_EMBED_SWIFT_STANDARD_LIBRARIES = YES;
				BUNDLE_LOADER = "$(TEST_HOST)";
				CODE_SIGN_STYLE = Automatic;
				CURRENT_PROJECT_VERSION = 1;
				GENERATE_INFOPLIST_FILE = YES;
				IPHONEOS_DEPLOYMENT_TARGET = 16.1;
				MARKETING_VERSION = 1.0;
				PRODUCT_BUNDLE_IDENTIFIER = com.Blog.NewsBlogDemoTests;
				PRODUCT_NAME = "$(TARGET_NAME)";
				SWIFT_EMIT_LOC_STRINGS = NO;
				SWIFT_VERSION = 5.0;
				TARGETED_DEVICE_FAMILY = "1,2";
				TEST_HOST = "$(BUILT_PRODUCTS_DIR)/NewsBlogDemo.app/$(BUNDLE_EXECUTABLE_FOLDER_PATH)/NewsBlogDemo";
			};
			name = Debug;
		};
		BEC72E132B0D1CAB00D14E82 /* Release */ = {
			isa = XCBuildConfiguration;
			baseConfigurationReference = A8248506EA7A9C12965EB02B /* Pods-NewsBlogDemoTests.release.xcconfig */;
			buildSettings = {
				ALWAYS_EMBED_SWIFT_STANDARD_LIBRARIES = YES;
				BUNDLE_LOADER = "$(TEST_HOST)";
				CODE_SIGN_STYLE = Automatic;
				CURRENT_PROJECT_VERSION = 1;
				GENERATE_INFOPLIST_FILE = YES;
				IPHONEOS_DEPLOYMENT_TARGET = 16.1;
				MARKETING_VERSION = 1.0;
				PRODUCT_BUNDLE_IDENTIFIER = com.Blog.NewsBlogDemoTests;
				PRODUCT_NAME = "$(TARGET_NAME)";
				SWIFT_EMIT_LOC_STRINGS = NO;
				SWIFT_VERSION = 5.0;
				TARGETED_DEVICE_FAMILY = "1,2";
				TEST_HOST = "$(BUILT_PRODUCTS_DIR)/NewsBlogDemo.app/$(BUNDLE_EXECUTABLE_FOLDER_PATH)/NewsBlogDemo";
			};
			name = Release;
		};
		BEC72E152B0D1CAB00D14E82 /* Debug */ = {
			isa = XCBuildConfiguration;
			baseConfigurationReference = AC60FCA4AA9CF7DB1A95637D /* Pods-NewsBlogDemo-NewsBlogDemoUITests.debug.xcconfig */;
			buildSettings = {
				ALWAYS_EMBED_SWIFT_STANDARD_LIBRARIES = YES;
				CODE_SIGN_STYLE = Automatic;
				CURRENT_PROJECT_VERSION = 1;
				GENERATE_INFOPLIST_FILE = YES;
				MARKETING_VERSION = 1.0;
				PRODUCT_BUNDLE_IDENTIFIER = com.Blog.NewsBlogDemoUITests;
				PRODUCT_NAME = "$(TARGET_NAME)";
				SWIFT_EMIT_LOC_STRINGS = NO;
				SWIFT_VERSION = 5.0;
				TARGETED_DEVICE_FAMILY = "1,2";
				TEST_TARGET_NAME = NewsBlogDemo;
			};
			name = Debug;
		};
		BEC72E162B0D1CAB00D14E82 /* Release */ = {
			isa = XCBuildConfiguration;
			baseConfigurationReference = B2A94F9BE559ECF02EDAFF09 /* Pods-NewsBlogDemo-NewsBlogDemoUITests.release.xcconfig */;
			buildSettings = {
				ALWAYS_EMBED_SWIFT_STANDARD_LIBRARIES = YES;
				CODE_SIGN_STYLE = Automatic;
				CURRENT_PROJECT_VERSION = 1;
				GENERATE_INFOPLIST_FILE = YES;
				MARKETING_VERSION = 1.0;
				PRODUCT_BUNDLE_IDENTIFIER = com.Blog.NewsBlogDemoUITests;
				PRODUCT_NAME = "$(TARGET_NAME)";
				SWIFT_EMIT_LOC_STRINGS = NO;
				SWIFT_VERSION = 5.0;
				TARGETED_DEVICE_FAMILY = "1,2";
				TEST_TARGET_NAME = NewsBlogDemo;
			};
			name = Release;
		};
/* End XCBuildConfiguration section */

/* Begin XCConfigurationList section */
		BEC72DDF2B0D1CA900D14E82 /* Build configuration list for PBXProject "NewsBlogDemo" */ = {
			isa = XCConfigurationList;
			buildConfigurations = (
				BEC72E0C2B0D1CAB00D14E82 /* Debug */,
				BEC72E0D2B0D1CAB00D14E82 /* Release */,
			);
			defaultConfigurationIsVisible = 0;
			defaultConfigurationName = Release;
		};
		BEC72E0E2B0D1CAB00D14E82 /* Build configuration list for PBXNativeTarget "NewsBlogDemo" */ = {
			isa = XCConfigurationList;
			buildConfigurations = (
				BEC72E0F2B0D1CAB00D14E82 /* Debug */,
				BEC72E102B0D1CAB00D14E82 /* Release */,
			);
			defaultConfigurationIsVisible = 0;
			defaultConfigurationName = Release;
		};
		BEC72E112B0D1CAB00D14E82 /* Build configuration list for PBXNativeTarget "NewsBlogDemoTests" */ = {
			isa = XCConfigurationList;
			buildConfigurations = (
				BEC72E122B0D1CAB00D14E82 /* Debug */,
				BEC72E132B0D1CAB00D14E82 /* Release */,
			);
			defaultConfigurationIsVisible = 0;
			defaultConfigurationName = Release;
		};
		BEC72E142B0D1CAB00D14E82 /* Build configuration list for PBXNativeTarget "NewsBlogDemoUITests" */ = {
			isa = XCConfigurationList;
			buildConfigurations = (
				BEC72E152B0D1CAB00D14E82 /* Debug */,
				BEC72E162B0D1CAB00D14E82 /* Release */,
			);
			defaultConfigurationIsVisible = 0;
			defaultConfigurationName = Release;
		};
/* End XCConfigurationList section */
	};
	rootObject = BEC72DDC2B0D1CA900D14E82 /* Project object */;
}
